{
  "version": 4,
  "terraform_version": "1.15.3",
  "serial": 7,
  "lineage": "619d8669-321a-f742-6bae-547c9c2c47da",
  "outputs": {
    "db_name": {
      "value": "beta-corp-db",
      "type": "string"
    },
    "db_password": {
      "value": "LalV?RY}6]A*rnK5",
      "type": "string",
      "sensitive": true
    },
    "db_user": {
      "value": "beta-corp-user",
      "type": "string"
    }
  },
  "resources": [
    {
      "mode": "managed",
      "type": "google_sql_user",
      "name": "tenant_user",
      "provider": "provider[\"registry.terraform.io/hashicorp/google\"]",
      "instances": [
        {
          "schema_version": 1,
          "attributes": {
            "deletion_policy": null,
            "host": "",
            "id": "beta-corp-user//main-instance",
            "instance": "main-instance",
            "name": "beta-corp-user",
            "password": "LalV?RY}6]A*rnK5",
            "password_policy": [],
            "project": "project-6e2b023f-2190-401a-aa7",
            "sql_server_user_details": [],
            "timeouts": null,
            "type": ""
          },
          "sensitive_attributes": [
            [
              {
                "type": "get_attr",
                "value": "password"
              }
            ]
          ],
          "identity_schema_version": 0,
          "private": "eyJlMmJmYjczMC1lY2FhLTExZTYtOGY4OC0zNDM2M2JjN2M0YzAiOnsiY3JlYXRlIjo2MDAwMDAwMDAwMDAsImRlbGV0ZSI6NjAwMDAwMDAwMDAwLCJ1cGRhdGUiOjYwMDAwMDAwMDAwMH0sInNjaGVtYV92ZXJzaW9uIjoiMSJ9",
          "dependencies": [
            "random_password.db_password"
          ]
        }
      ]
    },
    {
      "mode": "managed",
      "type": "random_password",
      "name": "db_password",
      "provider": "provider[\"registry.terraform.io/hashicorp/random\"]",
      "instances": [
        {
          "schema_version": 3,
          "attributes": {
            "bcrypt_hash": "$2a$10$L0rsnFUYSIGpV623NaqkFeYNdLT4csW2LPqrYzazQQx1nLxRaJpo2",
            "id": "none",
            "keepers": null,
            "length": 16,
            "lower": true,
            "min_lower": 0,
            "min_numeric": 0,
            "min_special": 0,
            "min_upper": 0,
            "number": true,
            "numeric": true,
            "override_special": null,
            "result": "LalV?RY}6]A*rnK5",
            "special": true,
            "upper": true
          },
          "sensitive_attributes": [
            [
              {
                "type": "get_attr",
                "value": "bcrypt_hash"
              }
            ],
            [
              {
                "type": "get_attr",
                "value": "result"
              }
            ]
          ],
          "identity_schema_version": 0
        }
      ]
    }
  ],
  "check_results": null
}
