{
  "version": 4,
  "terraform_version": "1.15.3",
  "serial": 8,
  "lineage": "654c669f-7aea-1123-1f7c-34c92962bbf8",
  "outputs": {
    "gcp_service_account_email": {
      "value": "sa-acme-corp@project-6e2b023f-2190-401a-aa7.iam.gserviceaccount.com",
      "type": "string"
    },
    "secret_id": {
      "value": "projects/project-6e2b023f-2190-401a-aa7/secrets/tenant-acme-corp-credentials",
      "type": "string"
    }
  },
  "resources": [
    {
      "mode": "managed",
      "type": "google_secret_manager_secret",
      "name": "db_credentials",
      "provider": "provider[\"registry.terraform.io/hashicorp/google\"]",
      "instances": [
        {
          "schema_version": 0,
          "attributes": {
            "annotations": null,
            "create_time": "2026-05-17T08:42:51.454326Z",
            "expire_time": "",
            "id": "projects/project-6e2b023f-2190-401a-aa7/secrets/tenant-acme-corp-credentials",
            "labels": null,
            "name": "projects/149887542728/secrets/tenant-acme-corp-credentials",
            "project": "project-6e2b023f-2190-401a-aa7",
            "replication": [
              {
                "auto": [],
                "automatic": true,
                "user_managed": []
              }
            ],
            "rotation": [],
            "secret_id": "tenant-acme-corp-credentials",
            "timeouts": null,
            "topics": [],
            "ttl": null,
            "version_aliases": null
          },
          "sensitive_attributes": [],
          "identity_schema_version": 0,
          "private": "eyJlMmJmYjczMC1lY2FhLTExZTYtOGY4OC0zNDM2M2JjN2M0YzAiOnsiY3JlYXRlIjoxMjAwMDAwMDAwMDAwLCJkZWxldGUiOjEyMDAwMDAwMDAwMDAsInVwZGF0ZSI6MTIwMDAwMDAwMDAwMH19"
        }
      ]
    },
    {
      "mode": "managed",
      "type": "google_secret_manager_secret_iam_member",
      "name": "secret_accessor",
      "provider": "provider[\"registry.terraform.io/hashicorp/google\"]",
      "instances": [
        {
          "schema_version": 0,
          "attributes": {
            "condition": [],
            "etag": "BwZR/26n3EE=",
            "id": "projects/project-6e2b023f-2190-401a-aa7/secrets/tenant-acme-corp-credentials/roles/secretmanager.secretAccessor/serviceAccount:sa-acme-corp@project-6e2b023f-2190-401a-aa7.iam.gserviceaccount.com",
            "member": "serviceAccount:sa-acme-corp@project-6e2b023f-2190-401a-aa7.iam.gserviceaccount.com",
            "project": "project-6e2b023f-2190-401a-aa7",
            "role": "roles/secretmanager.secretAccessor",
            "secret_id": "projects/project-6e2b023f-2190-401a-aa7/secrets/tenant-acme-corp-credentials"
          },
          "sensitive_attributes": [],
          "identity_schema_version": 0,
          "private": "bnVsbA==",
          "dependencies": [
            "google_secret_manager_secret.db_credentials",
            "google_service_account.tenant_sa"
          ]
        }
      ]
    },
    {
      "mode": "managed",
      "type": "google_secret_manager_secret_version",
      "name": "db_credentials_val",
      "provider": "provider[\"registry.terraform.io/hashicorp/google\"]",
      "instances": [
        {
          "schema_version": 0,
          "attributes": {
            "create_time": "2026-05-17T08:42:57.654162Z",
            "deletion_policy": "DELETE",
            "destroy_time": "",
            "enabled": true,
            "id": "projects/149887542728/secrets/tenant-acme-corp-credentials/versions/1",
            "is_secret_data_base64": false,
            "name": "projects/149887542728/secrets/tenant-acme-corp-credentials/versions/1",
            "secret": "projects/project-6e2b023f-2190-401a-aa7/secrets/tenant-acme-corp-credentials",
            "secret_data": "{\"database\":\"acme-corp-db\",\"password\":\"LalV?RY}6]A*rnK5\",\"username\":\"acme-corp-user\"}",
            "timeouts": null,
            "version": "1"
          },
          "sensitive_attributes": [
            [
              {
                "type": "get_attr",
                "value": "secret_data"
              }
            ]
          ],
          "identity_schema_version": 0,
          "private": "eyJlMmJmYjczMC1lY2FhLTExZTYtOGY4OC0zNDM2M2JjN2M0YzAiOnsiY3JlYXRlIjoxMjAwMDAwMDAwMDAwLCJkZWxldGUiOjEyMDAwMDAwMDAwMDB9fQ==",
          "dependencies": [
            "google_secret_manager_secret.db_credentials"
          ]
        }
      ]
    },
    {
      "mode": "managed",
      "type": "google_service_account",
      "name": "tenant_sa",
      "provider": "provider[\"registry.terraform.io/hashicorp/google\"]",
      "instances": [
        {
          "schema_version": 0,
          "attributes": {
            "account_id": "sa-acme-corp",
            "description": "",
            "disabled": false,
            "display_name": "Workload Identity Service Account for Tenant acme-corp",
            "email": "sa-acme-corp@project-6e2b023f-2190-401a-aa7.iam.gserviceaccount.com",
            "id": "projects/project-6e2b023f-2190-401a-aa7/serviceAccounts/sa-acme-corp@project-6e2b023f-2190-401a-aa7.iam.gserviceaccount.com",
            "member": "serviceAccount:sa-acme-corp@project-6e2b023f-2190-401a-aa7.iam.gserviceaccount.com",
            "name": "projects/project-6e2b023f-2190-401a-aa7/serviceAccounts/sa-acme-corp@project-6e2b023f-2190-401a-aa7.iam.gserviceaccount.com",
            "project": "project-6e2b023f-2190-401a-aa7",
            "timeouts": null,
            "unique_id": "108568380332321488864"
          },
          "sensitive_attributes": [],
          "identity_schema_version": 0,
          "private": "eyJlMmJmYjczMC1lY2FhLTExZTYtOGY4OC0zNDM2M2JjN2M0YzAiOnsiY3JlYXRlIjozMDAwMDAwMDAwMDB9fQ=="
        }
      ]
    },
    {
      "mode": "managed",
      "type": "google_service_account_iam_member",
      "name": "workload_identity_binding",
      "provider": "provider[\"registry.terraform.io/hashicorp/google\"]",
      "instances": [
        {
          "schema_version": 0,
          "attributes": {
            "condition": [],
            "etag": "BwZR/jp6CII=",
            "id": "projects/project-6e2b023f-2190-401a-aa7/serviceAccounts/sa-acme-corp@project-6e2b023f-2190-401a-aa7.iam.gserviceaccount.com/roles/iam.workloadIdentityUser/serviceAccount:project-6e2b023f-2190-401a-aa7.svc.id.goog[acme-corp/acme-corp-sa]",
            "member": "serviceAccount:project-6e2b023f-2190-401a-aa7.svc.id.goog[acme-corp/acme-corp-sa]",
            "role": "roles/iam.workloadIdentityUser",
            "service_account_id": "projects/project-6e2b023f-2190-401a-aa7/serviceAccounts/sa-acme-corp@project-6e2b023f-2190-401a-aa7.iam.gserviceaccount.com"
          },
          "sensitive_attributes": [],
          "identity_schema_version": 0,
          "private": "bnVsbA==",
          "dependencies": [
            "google_service_account.tenant_sa"
          ]
        }
      ]
    }
  ],
  "check_results": null
}
