{
  "version": 4,
  "terraform_version": "1.15.3",
  "serial": 4,
  "lineage": "654c669f-7aea-1123-1f7c-34c92962bbf8",
  "outputs": {
    "gcp_service_account_email": {
      "value": "sa-acme-corp@project-6e2b023f-2190-401a-aa7.iam.gserviceaccount.com",
      "type": "string"
    }
  },
  "resources": [
    {
      "mode": "managed",
      "type": "google_service_account",
      "name": "tenant_sa",
      "provider": "provider[\"registry.terraform.io/hashicorp/google\"]",
      "instances": [
        {
          "schema_version": 0,
          "attributes": {
            "account_id": "sa-acme-corp",
            "description": "",
            "disabled": false,
            "display_name": "Workload Identity Service Account for Tenant acme-corp",
            "email": "sa-acme-corp@project-6e2b023f-2190-401a-aa7.iam.gserviceaccount.com",
            "id": "projects/project-6e2b023f-2190-401a-aa7/serviceAccounts/sa-acme-corp@project-6e2b023f-2190-401a-aa7.iam.gserviceaccount.com",
            "member": "serviceAccount:sa-acme-corp@project-6e2b023f-2190-401a-aa7.iam.gserviceaccount.com",
            "name": "projects/project-6e2b023f-2190-401a-aa7/serviceAccounts/sa-acme-corp@project-6e2b023f-2190-401a-aa7.iam.gserviceaccount.com",
            "project": "project-6e2b023f-2190-401a-aa7",
            "timeouts": null,
            "unique_id": "108568380332321488864"
          },
          "sensitive_attributes": [],
          "identity_schema_version": 0,
          "private": "eyJlMmJmYjczMC1lY2FhLTExZTYtOGY4OC0zNDM2M2JjN2M0YzAiOnsiY3JlYXRlIjozMDAwMDAwMDAwMDB9fQ=="
        }
      ]
    },
    {
      "mode": "managed",
      "type": "google_service_account_iam_member",
      "name": "workload_identity_binding",
      "provider": "provider[\"registry.terraform.io/hashicorp/google\"]",
      "instances": [
        {
          "schema_version": 0,
          "attributes": {
            "condition": [],
            "etag": "BwZR/jp6CII=",
            "id": "projects/project-6e2b023f-2190-401a-aa7/serviceAccounts/sa-acme-corp@project-6e2b023f-2190-401a-aa7.iam.gserviceaccount.com/roles/iam.workloadIdentityUser/serviceAccount:project-6e2b023f-2190-401a-aa7.svc.id.goog[acme-corp/acme-corp-sa]",
            "member": "serviceAccount:project-6e2b023f-2190-401a-aa7.svc.id.goog[acme-corp/acme-corp-sa]",
            "role": "roles/iam.workloadIdentityUser",
            "service_account_id": "projects/project-6e2b023f-2190-401a-aa7/serviceAccounts/sa-acme-corp@project-6e2b023f-2190-401a-aa7.iam.gserviceaccount.com"
          },
          "sensitive_attributes": [],
          "identity_schema_version": 0,
          "private": "bnVsbA==",
          "dependencies": [
            "google_service_account.tenant_sa"
          ]
        }
      ]
    }
  ],
  "check_results": null
}
